
Microsoft Visual Studio Solution File, Format Version 12.00
# Visual Studio Version 17
VisualStudioVersion = 17.3.32804.467
MinimumVisualStudioVersion = 10.0.40219.1
Project("{FAE04EC0-301F-11D3-BF4B-00C04F79EFBC}") = "Shop_Luitsvuituoi", "Shop_Luitsvuituoi\Shop_Luitsvuituoi.csproj", "{024E01AE-49BE-4EFF-93AA-BE70320E85CE}"
EndProject
Project("{54435603-DBB4-11D2-8724-00A0C9A8B90C}") = "QLCH_luitsvuituoi", "QLCH_luitsvuituoi\QLCH_luitsvuituoi.vdproj", "{BA63E7B6-1D08-4391-9DF4-CE64872DAA85}"
EndProject
Global
	GlobalSection(SolutionConfigurationPlatforms) = preSolution
		Debug|Any CPU = Debug|Any CPU
		Release|Any CPU = Release|Any CPU
	EndGlobalSection
	GlobalSection(ProjectConfigurationPlatforms) = postSolution
		{024E01AE-49BE-4EFF-93AA-BE70320E85CE}.Debug|Any CPU.ActiveCfg = Debug|Any CPU
		{024E01AE-49BE-4EFF-93AA-BE70320E85CE}.Debug|Any CPU.Build.0 = Debug|Any CPU
		{024E01AE-49BE-4EFF-93AA-BE70320E85CE}.Release|Any CPU.ActiveCfg = Release|Any CPU
		{024E01AE-49BE-4EFF-93AA-BE70320E85CE}.Release|Any CPU.Build.0 = Release|Any CPU
		{BA63E7B6-1D08-4391-9DF4-CE64872DAA85}.Debug|Any CPU.ActiveCfg = Debug
		{BA63E7B6-1D08-4391-9DF4-CE64872DAA85}.Release|Any CPU.ActiveCfg = Release
	EndGlobalSection
	GlobalSection(SolutionProperties) = preSolution
		HideSolutionNode = FALSE
	EndGlobalSection
	GlobalSection(ExtensibilityGlobals) = postSolution
		SolutionGuid = {45B0790E-BBD5-49C5-AD17-8D71ABCD0178}
	EndGlobalSection
EndGlobal
